
Microsoft Visual Studio Solution File, Format Version 12.00
# Visual Studio 15
VisualStudioVersion = 15.0.26124.0
MinimumVisualStudioVersion = 15.0.26124.0
Project("{FAE04EC0-301F-11D3-BF4B-00C04F79EFBC}") = "workingWithText", "workingWithText\workingWithText.csproj", "{F76F36AB-9EBF-44CC-96BE-8B41CC0140F5}"
EndProject
Project("{2150E333-8FDC-42A3-9474-1A3956D46DE8}") = "workingWithText", "workingWithText", "{2F5932D4-A2B7-4A72-BBCF-A80431211551}"
EndProject
Project("{FAE04EC0-301F-11D3-BF4B-00C04F79EFBC}") = "StringBuilder", "workingWithText\StringBuilder\StringBuilder.csproj", "{D224D848-24AA-4A6E-8BAB-7ECC2DC3BC04}"
EndProject
Global
	GlobalSection(SolutionConfigurationPlatforms) = preSolution
		Debug|Any CPU = Debug|Any CPU
		Debug|x64 = Debug|x64
		Debug|x86 = Debug|x86
		Release|Any CPU = Release|Any CPU
		Release|x64 = Release|x64
		Release|x86 = Release|x86
	EndGlobalSection
	GlobalSection(SolutionProperties) = preSolution
		HideSolutionNode = FALSE
	EndGlobalSection
	GlobalSection(ProjectConfigurationPlatforms) = postSolution
		{F76F36AB-9EBF-44CC-96BE-8B41CC0140F5}.Debug|Any CPU.ActiveCfg = Debug|Any CPU
		{F76F36AB-9EBF-44CC-96BE-8B41CC0140F5}.Debug|Any CPU.Build.0 = Debug|Any CPU
		{F76F36AB-9EBF-44CC-96BE-8B41CC0140F5}.Debug|x64.ActiveCfg = Debug|Any CPU
		{F76F36AB-9EBF-44CC-96BE-8B41CC0140F5}.Debug|x64.Build.0 = Debug|Any CPU
		{F76F36AB-9EBF-44CC-96BE-8B41CC0140F5}.Debug|x86.ActiveCfg = Debug|Any CPU
		{F76F36AB-9EBF-44CC-96BE-8B41CC0140F5}.Debug|x86.Build.0 = Debug|Any CPU
		{F76F36AB-9EBF-44CC-96BE-8B41CC0140F5}.Release|Any CPU.ActiveCfg = Release|Any CPU
		{F76F36AB-9EBF-44CC-96BE-8B41CC0140F5}.Release|Any CPU.Build.0 = Release|Any CPU
		{F76F36AB-9EBF-44CC-96BE-8B41CC0140F5}.Release|x64.ActiveCfg = Release|Any CPU
		{F76F36AB-9EBF-44CC-96BE-8B41CC0140F5}.Release|x64.Build.0 = Release|Any CPU
		{F76F36AB-9EBF-44CC-96BE-8B41CC0140F5}.Release|x86.ActiveCfg = Release|Any CPU
		{F76F36AB-9EBF-44CC-96BE-8B41CC0140F5}.Release|x86.Build.0 = Release|Any CPU
		{D224D848-24AA-4A6E-8BAB-7ECC2DC3BC04}.Debug|Any CPU.ActiveCfg = Debug|Any CPU
		{D224D848-24AA-4A6E-8BAB-7ECC2DC3BC04}.Debug|Any CPU.Build.0 = Debug|Any CPU
		{D224D848-24AA-4A6E-8BAB-7ECC2DC3BC04}.Debug|x64.ActiveCfg = Debug|Any CPU
		{D224D848-24AA-4A6E-8BAB-7ECC2DC3BC04}.Debug|x64.Build.0 = Debug|Any CPU
		{D224D848-24AA-4A6E-8BAB-7ECC2DC3BC04}.Debug|x86.ActiveCfg = Debug|Any CPU
		{D224D848-24AA-4A6E-8BAB-7ECC2DC3BC04}.Debug|x86.Build.0 = Debug|Any CPU
		{D224D848-24AA-4A6E-8BAB-7ECC2DC3BC04}.Release|Any CPU.ActiveCfg = Release|Any CPU
		{D224D848-24AA-4A6E-8BAB-7ECC2DC3BC04}.Release|Any CPU.Build.0 = Release|Any CPU
		{D224D848-24AA-4A6E-8BAB-7ECC2DC3BC04}.Release|x64.ActiveCfg = Release|Any CPU
		{D224D848-24AA-4A6E-8BAB-7ECC2DC3BC04}.Release|x64.Build.0 = Release|Any CPU
		{D224D848-24AA-4A6E-8BAB-7ECC2DC3BC04}.Release|x86.ActiveCfg = Release|Any CPU
		{D224D848-24AA-4A6E-8BAB-7ECC2DC3BC04}.Release|x86.Build.0 = Release|Any CPU
	EndGlobalSection
	GlobalSection(NestedProjects) = preSolution
		{D224D848-24AA-4A6E-8BAB-7ECC2DC3BC04} = {2F5932D4-A2B7-4A72-BBCF-A80431211551}
	EndGlobalSection
EndGlobal
